// !$*UTF8*$!
{
	archiveVersion = 1;
	classes = {
	};
	objectVersion = 52;
	objects = {

/* Begin PBXBuildFile section */
		B500732024D00BAC00BB4475 /* Logger.swift in Sources */ = {isa = PBXBuildFile; fileRef = B500731F24D00BAC00BB4475 /* Logger.swift */; };
		B514657F248E3884005C03F7 /* DispatchTimerSource.swift in Sources */ = {isa = PBXBuildFile; fileRef = B514657E248E3884005C03F7 /* DispatchTimerSource.swift */; };
		B51B9F9A24DBE5BF00BDEAA2 /* AVAudioFormat+Convenience.swift in Sources */ = {isa = PBXBuildFile; fileRef = B51B9F9924DBE5BF00BDEAA2 /* AVAudioFormat+Convenience.swift */; };
		B51FE0C02488F67C00F2A4D2 /* Queue.swift in Sources */ = {isa = PBXBuildFile; fileRef = B51FE0BF2488F67C00F2A4D2 /* Queue.swift */; };
		B51FE0C22488F96A00F2A4D2 /* QueueTests.swift in Sources */ = {isa = PBXBuildFile; fileRef = B51FE0C12488F96A00F2A4D2 /* QueueTests.swift */; };
		B51FE0C624890CCB00F2A4D2 /* PlayerQueueEntries.swift in Sources */ = {isa = PBXBuildFile; fileRef = B51FE0C3248905B400F2A4D2 /* PlayerQueueEntries.swift */; };
		B51FE0C824892D1600F2A4D2 /* PlayerQueueEntriesTest.swift in Sources */ = {isa = PBXBuildFile; fileRef = B51FE0C724892D1600F2A4D2 /* PlayerQueueEntriesTest.swift */; };
		B5276B6F247D21A000D2F56A /* NetworkingClient.swift in Sources */ = {isa = PBXBuildFile; fileRef = B5276B6E247D21A000D2F56A /* NetworkingClient.swift */; };
		B5276B74247D4D9F00D2F56A /* NetworkSessionDelegate.swift in Sources */ = {isa = PBXBuildFile; fileRef = B5276B73247D4D9F00D2F56A /* NetworkSessionDelegate.swift */; };
		B54C3E56255F286D00B356F2 /* Retrier.swift in Sources */ = {isa = PBXBuildFile; fileRef = B54C3E55255F286D00B356F2 /* Retrier.swift */; };
		B54D876D2490E4A000C361A0 /* UnitDescriptions.swift in Sources */ = {isa = PBXBuildFile; fileRef = B54D876C2490E4A000C361A0 /* UnitDescriptions.swift */; };
		B54D876F2490E4DD00C361A0 /* AudioRendererContext.swift in Sources */ = {isa = PBXBuildFile; fileRef = B54D876E2490E4DD00C361A0 /* AudioRendererContext.swift */; };
		B55A736C247FCB420050C53D /* HTTPHeaderParser.swift in Sources */ = {isa = PBXBuildFile; fileRef = B55A736B247FCB420050C53D /* HTTPHeaderParser.swift */; };
		B55CE96E248058B60001C498 /* MetadataParser.swift in Sources */ = {isa = PBXBuildFile; fileRef = B55CE96D248058B60001C498 /* MetadataParser.swift */; };
		B55CE97124810DE20001C498 /* MetadataStreamProcessor.swift in Sources */ = {isa = PBXBuildFile; fileRef = B55CE97024810DE20001C498 /* MetadataStreamProcessor.swift */; };
		B55CE97824813BCA0001C498 /* UnsafeMutablePointer+Helpers.swift in Sources */ = {isa = PBXBuildFile; fileRef = B55CE97724813BCA0001C498 /* UnsafeMutablePointer+Helpers.swift */; };
		B55CEAB42485107C0001C498 /* Parser.swift in Sources */ = {isa = PBXBuildFile; fileRef = B55CEAB32485107C0001C498 /* Parser.swift */; };
		B55CEAB82485172D0001C498 /* HTTPHeaderParserTests.swift in Sources */ = {isa = PBXBuildFile; fileRef = B55CEAB72485172D0001C498 /* HTTPHeaderParserTests.swift */; };
		B55CEABA248530C00001C498 /* MetadataParser.swift in Sources */ = {isa = PBXBuildFile; fileRef = B55CEAB9248530C00001C498 /* MetadataParser.swift */; };
		B55CEABC24853CD20001C498 /* AudioPlayer.swift in Sources */ = {isa = PBXBuildFile; fileRef = B55CEABB24853CD20001C498 /* AudioPlayer.swift */; };
		B55F77CF24D82ADE0057F431 /* AudioPlayerDelegate.swift in Sources */ = {isa = PBXBuildFile; fileRef = B55F77CE24D82ADE0057F431 /* AudioPlayerDelegate.swift */; };
		B55F77D124D82CD50057F431 /* AVAudioUnit+Convenience.swift in Sources */ = {isa = PBXBuildFile; fileRef = B55F77D024D82CD50057F431 /* AVAudioUnit+Convenience.swift */; };
		B55F77D624DACE140057F431 /* BufferContext.swift in Sources */ = {isa = PBXBuildFile; fileRef = B55F77D524DACE140057F431 /* BufferContext.swift */; };
		B5667A902499018D00D93F85 /* AudioFileStreamProcessor.swift in Sources */ = {isa = PBXBuildFile; fileRef = B5667A8F2499018D00D93F85 /* AudioFileStreamProcessor.swift */; };
		B5667A922499063D00D93F85 /* AudioPlayerContext.swift in Sources */ = {isa = PBXBuildFile; fileRef = B5667A912499063D00D93F85 /* AudioPlayerContext.swift */; };
		B5667B3E249BC43100D93F85 /* AudioPlayerRenderProcessor.swift in Sources */ = {isa = PBXBuildFile; fileRef = B5667B3D249BC43000D93F85 /* AudioPlayerRenderProcessor.swift */; };
		B5737340254DE43E003DFBEC /* measure.swift in Sources */ = {isa = PBXBuildFile; fileRef = B573733F254DE43E003DFBEC /* measure.swift */; };
		B57829CF2548B32B00C78D36 /* Lock.swift in Sources */ = {isa = PBXBuildFile; fileRef = B57829CE2548B32B00C78D36 /* Lock.swift */; };
		B58386382544A2C10087A712 /* EntryFrames.swift in Sources */ = {isa = PBXBuildFile; fileRef = B58386372544A2C10087A712 /* EntryFrames.swift */; };
		B5838640254584A50087A712 /* ProcessedPackets.swift in Sources */ = {isa = PBXBuildFile; fileRef = B583863F254584A50087A712 /* ProcessedPackets.swift */; };
		B5838644254584BE0087A712 /* AudioStreamState.swift in Sources */ = {isa = PBXBuildFile; fileRef = B5838643254584BE0087A712 /* AudioStreamState.swift */; };
		B5838648254584D90087A712 /* SeekRequest.swift in Sources */ = {isa = PBXBuildFile; fileRef = B5838647254584D90087A712 /* SeekRequest.swift */; };
		B592E1252545FF9A008866FB /* BiMap.swift in Sources */ = {isa = PBXBuildFile; fileRef = B5276B71247D4D5B00D2F56A /* BiMap.swift */; };
		B592E12925460146008866FB /* BiMapTests.swift in Sources */ = {isa = PBXBuildFile; fileRef = B592E12825460146008866FB /* BiMapTests.swift */; };
		B592E134254608B4008866FB /* DispatchTimerSourceTests.swift in Sources */ = {isa = PBXBuildFile; fileRef = B592E133254608B4008866FB /* DispatchTimerSourceTests.swift */; };
		B59CB46C25420B4D00F8CAD0 /* MetadataStreamProcessorTests.swift in Sources */ = {isa = PBXBuildFile; fileRef = B59CB46B25420B4D00F8CAD0 /* MetadataStreamProcessorTests.swift */; };
		B59CB4BB25421F3500F8CAD0 /* raw-stream-audio-normal-metadata in Resources */ = {isa = PBXBuildFile; fileRef = B59CB4BA25421F3500F8CAD0 /* raw-stream-audio-normal-metadata */; };
		B59CB4C225421F7A00F8CAD0 /* raw-stream-audio-empty-metadata in Resources */ = {isa = PBXBuildFile; fileRef = B59CB4B225421D8200F8CAD0 /* raw-stream-audio-empty-metadata */; };
		B59CB4C625421FD400F8CAD0 /* raw-stream-audio-no-metadata in Resources */ = {isa = PBXBuildFile; fileRef = B59CB4C525421FD400F8CAD0 /* raw-stream-audio-no-metadata */; };
		B59CB4CE2542204D00F8CAD0 /* raw-stream-audio-normal-metadata-alt in Resources */ = {isa = PBXBuildFile; fileRef = B59CB4CD2542204D00F8CAD0 /* raw-stream-audio-normal-metadata-alt */; };
		B59D0B6F255C904900D6CCE5 /* FileAudioSource.swift in Sources */ = {isa = PBXBuildFile; fileRef = B59D0B6E255C904900D6CCE5 /* FileAudioSource.swift */; };
		B59DF10424916FD50043C498 /* DispatchQueue+Helpers.swift in Sources */ = {isa = PBXBuildFile; fileRef = B59DF10324916FD50043C498 /* DispatchQueue+Helpers.swift */; };
		B59DF1A32493E90C0043C498 /* AudioFileStream+Helpers.swift in Sources */ = {isa = PBXBuildFile; fileRef = B59DF1A22493E90C0043C498 /* AudioFileStream+Helpers.swift */; };
		B5AEDBB824744153007D8101 /* AudioStreaming.framework in Frameworks */ = {isa = PBXBuildFile; fileRef = B5AEDBAE24744153007D8101 /* AudioStreaming.framework */; };
		B5AEDBBF24744153007D8101 /* AudioStreaming.h in Headers */ = {isa = PBXBuildFile; fileRef = B5AEDBB124744153007D8101 /* AudioStreaming.h */; settings = {ATTRIBUTES = (Public, ); }; };
		B5B36E432655A32200DC96F5 /* FrameFilterProcessor.swift in Sources */ = {isa = PBXBuildFile; fileRef = B5B36E422655A32200DC96F5 /* FrameFilterProcessor.swift */; };
		B5B3B7CC248647ED00656828 /* AudioPlayerState.swift in Sources */ = {isa = PBXBuildFile; fileRef = B5B3B7CB248647ED00656828 /* AudioPlayerState.swift */; };
		B5D4A40925D9321400E1450C /* IcycastHeaderParser.swift in Sources */ = {isa = PBXBuildFile; fileRef = B5D4A40825D9321400E1450C /* IcycastHeaderParser.swift */; };
		B5D4A41025D948EF00E1450C /* IcycastHeadersProcessor.swift in Sources */ = {isa = PBXBuildFile; fileRef = B5D4A40B25D9445600E1450C /* IcycastHeadersProcessor.swift */; };
		B5D82E65255DD562009EDAA4 /* NetStatusService.swift in Sources */ = {isa = PBXBuildFile; fileRef = B5D82E64255DD562009EDAA4 /* NetStatusService.swift */; };
		B5DB66E2255C2EAB00B8DF53 /* AudioEntryProvider.swift in Sources */ = {isa = PBXBuildFile; fileRef = B5DB66E1255C2EAB00B8DF53 /* AudioEntryProvider.swift */; };
		B5E1DE2524B70B4200955BFB /* AudioPlayerConfiguration.swift in Sources */ = {isa = PBXBuildFile; fileRef = B5E1DE2424B70B4200955BFB /* AudioPlayerConfiguration.swift */; };
		B5EF954E247DA5AC003E8FF8 /* NetworkingClientTests.swift in Sources */ = {isa = PBXBuildFile; fileRef = B5EF954D247DA5AC003E8FF8 /* NetworkingClientTests.swift */; };
		B5EF9555247E9393003E8FF8 /* AudioEntry.swift in Sources */ = {isa = PBXBuildFile; fileRef = B5EF9554247E9393003E8FF8 /* AudioEntry.swift */; };
		B5EF9557247E9439003E8FF8 /* AudioStreamSource.swift in Sources */ = {isa = PBXBuildFile; fileRef = B5EF9556247E9439003E8FF8 /* AudioStreamSource.swift */; };
		B5EF955B247EBCB3003E8FF8 /* AudioFileType.swift in Sources */ = {isa = PBXBuildFile; fileRef = B5EF955A247EBCB3003E8FF8 /* AudioFileType.swift */; };
		B5EF955D247ECBB1003E8FF8 /* RemoteAudioSource.swift in Sources */ = {isa = PBXBuildFile; fileRef = B5EF955C247ECBB1003E8FF8 /* RemoteAudioSource.swift */; };
		B5F883B62476DADB00D277C1 /* Protected.swift in Sources */ = {isa = PBXBuildFile; fileRef = B5F883B52476DADB00D277C1 /* Protected.swift */; };
		B5F883BA2477CEFC00D277C1 /* ProtectedTests.swift in Sources */ = {isa = PBXBuildFile; fileRef = B5F883B82477CBF600D277C1 /* ProtectedTests.swift */; };
		B5F883C32477DC4400D277C1 /* NetworkDataStream.swift in Sources */ = {isa = PBXBuildFile; fileRef = B5F883C22477DC4400D277C1 /* NetworkDataStream.swift */; };
		B5FB6C0525516507002C0A37 /* AudioConverter+Helpers.swift in Sources */ = {isa = PBXBuildFile; fileRef = B5FB6C0425516507002C0A37 /* AudioConverter+Helpers.swift */; };
/* End PBXBuildFile section */

/* Begin PBXContainerItemProxy section */
		B5AEDBB924744153007D8101 /* PBXContainerItemProxy */ = {
			isa = PBXContainerItemProxy;
			containerPortal = B5AEDBA524744153007D8101 /* Project object */;
			proxyType = 1;
			remoteGlobalIDString = B5AEDBAD24744153007D8101;
			remoteInfo = AudioStreaming;
		};
/* End PBXContainerItemProxy section */

/* Begin PBXCopyFilesBuildPhase section */
		B57A4F7D24AB4E6C00D7EA51 /* Embed Frameworks */ = {
			isa = PBXCopyFilesBuildPhase;
			buildActionMask = 2147483647;
			dstPath = "";
			dstSubfolderSpec = 10;
			files = (
			);
			name = "Embed Frameworks";
			runOnlyForDeploymentPostprocessing = 0;
		};
/* End PBXCopyFilesBuildPhase section */

/* Begin PBXFileReference section */
		B500731F24D00BAC00BB4475 /* Logger.swift */ = {isa = PBXFileReference; lastKnownFileType = sourcecode.swift; path = Logger.swift; sourceTree = "<group>"; };
		B514657E248E3884005C03F7 /* DispatchTimerSource.swift */ = {isa = PBXFileReference; lastKnownFileType = sourcecode.swift; path = DispatchTimerSource.swift; sourceTree = "<group>"; };
		B51B9F9924DBE5BF00BDEAA2 /* AVAudioFormat+Convenience.swift */ = {isa = PBXFileReference; lastKnownFileType = sourcecode.swift; path = "AVAudioFormat+Convenience.swift"; sourceTree = "<group>"; };
		B51FE0BF2488F67C00F2A4D2 /* Queue.swift */ = {isa = PBXFileReference; lastKnownFileType = sourcecode.swift; path = Queue.swift; sourceTree = "<group>"; };
		B51FE0C12488F96A00F2A4D2 /* QueueTests.swift */ = {isa = PBXFileReference; lastKnownFileType = sourcecode.swift; path = QueueTests.swift; sourceTree = "<group>"; };
		B51FE0C3248905B400F2A4D2 /* PlayerQueueEntries.swift */ = {isa = PBXFileReference; lastKnownFileType = sourcecode.swift; path = PlayerQueueEntries.swift; sourceTree = "<group>"; };
		B51FE0C724892D1600F2A4D2 /* PlayerQueueEntriesTest.swift */ = {isa = PBXFileReference; lastKnownFileType = sourcecode.swift; path = PlayerQueueEntriesTest.swift; sourceTree = "<group>"; };
		B5276B6E247D21A000D2F56A /* NetworkingClient.swift */ = {isa = PBXFileReference; lastKnownFileType = sourcecode.swift; path = NetworkingClient.swift; sourceTree = "<group>"; };
		B5276B71247D4D5B00D2F56A /* BiMap.swift */ = {isa = PBXFileReference; lastKnownFileType = sourcecode.swift; path = BiMap.swift; sourceTree = "<group>"; };
		B5276B73247D4D9F00D2F56A /* NetworkSessionDelegate.swift */ = {isa = PBXFileReference; lastKnownFileType = sourcecode.swift; path = NetworkSessionDelegate.swift; sourceTree = "<group>"; };
		B54C3E55255F286D00B356F2 /* Retrier.swift */ = {isa = PBXFileReference; fileEncoding = 4; lastKnownFileType = sourcecode.swift; path = Retrier.swift; sourceTree = "<group>"; };
		B54D876C2490E4A000C361A0 /* UnitDescriptions.swift */ = {isa = PBXFileReference; lastKnownFileType = sourcecode.swift; path = UnitDescriptions.swift; sourceTree = "<group>"; };
		B54D876E2490E4DD00C361A0 /* AudioRendererContext.swift */ = {isa = PBXFileReference; lastKnownFileType = sourcecode.swift; path = AudioRendererContext.swift; sourceTree = "<group>"; };
		B55A736B247FCB420050C53D /* HTTPHeaderParser.swift */ = {isa = PBXFileReference; lastKnownFileType = sourcecode.swift; path = HTTPHeaderParser.swift; sourceTree = "<group>"; };
		B55CE96D248058B60001C498 /* MetadataParser.swift */ = {isa = PBXFileReference; lastKnownFileType = sourcecode.swift; path = MetadataParser.swift; sourceTree = "<group>"; };
		B55CE97024810DE20001C498 /* MetadataStreamProcessor.swift */ = {isa = PBXFileReference; lastKnownFileType = sourcecode.swift; path = MetadataStreamProcessor.swift; sourceTree = "<group>"; };
		B55CE97724813BCA0001C498 /* UnsafeMutablePointer+Helpers.swift */ = {isa = PBXFileReference; lastKnownFileType = sourcecode.swift; path = "UnsafeMutablePointer+Helpers.swift"; sourceTree = "<group>"; };
		B55CEAB32485107C0001C498 /* Parser.swift */ = {isa = PBXFileReference; lastKnownFileType = sourcecode.swift; path = Parser.swift; sourceTree = "<group>"; };
		B55CEAB72485172D0001C498 /* HTTPHeaderParserTests.swift */ = {isa = PBXFileReference; lastKnownFileType = sourcecode.swift; path = HTTPHeaderParserTests.swift; sourceTree = "<group>"; };
		B55CEAB9248530C00001C498 /* MetadataParser.swift */ = {isa = PBXFileReference; lastKnownFileType = sourcecode.swift; path = MetadataParser.swift; sourceTree = "<group>"; };
		B55CEABB24853CD20001C498 /* AudioPlayer.swift */ = {isa = PBXFileReference; lastKnownFileType = sourcecode.swift; path = AudioPlayer.swift; sourceTree = "<group>"; };
		B55F77CE24D82ADE0057F431 /* AudioPlayerDelegate.swift */ = {isa = PBXFileReference; lastKnownFileType = sourcecode.swift; path = AudioPlayerDelegate.swift; sourceTree = "<group>"; };
		B55F77D024D82CD50057F431 /* AVAudioUnit+Convenience.swift */ = {isa = PBXFileReference; lastKnownFileType = sourcecode.swift; path = "AVAudioUnit+Convenience.swift"; sourceTree = "<group>"; };
		B55F77D524DACE140057F431 /* BufferContext.swift */ = {isa = PBXFileReference; lastKnownFileType = sourcecode.swift; path = BufferContext.swift; sourceTree = "<group>"; };
		B5667A8F2499018D00D93F85 /* AudioFileStreamProcessor.swift */ = {isa = PBXFileReference; lastKnownFileType = sourcecode.swift; path = AudioFileStreamProcessor.swift; sourceTree = "<group>"; };
		B5667A912499063D00D93F85 /* AudioPlayerContext.swift */ = {isa = PBXFileReference; lastKnownFileType = sourcecode.swift; path = AudioPlayerContext.swift; sourceTree = "<group>"; };
		B5667B3D249BC43000D93F85 /* AudioPlayerRenderProcessor.swift */ = {isa = PBXFileReference; lastKnownFileType = sourcecode.swift; path = AudioPlayerRenderProcessor.swift; sourceTree = "<group>"; };
		B573733F254DE43E003DFBEC /* measure.swift */ = {isa = PBXFileReference; lastKnownFileType = sourcecode.swift; path = measure.swift; sourceTree = "<group>"; };
		B57829CE2548B32B00C78D36 /* Lock.swift */ = {isa = PBXFileReference; lastKnownFileType = sourcecode.swift; path = Lock.swift; sourceTree = "<group>"; };
		B580CB1D25628CF4006D7DD8 /* AudioStreaming.podspec */ = {isa = PBXFileReference; lastKnownFileType = text; path = AudioStreaming.podspec; sourceTree = "<group>"; };
		B580CB1E25628CF4006D7DD8 /* LICENSE */ = {isa = PBXFileReference; lastKnownFileType = text; path = LICENSE; sourceTree = "<group>"; };
		B580CB1F25628D09006D7DD8 /* Package.swift */ = {isa = PBXFileReference; lastKnownFileType = sourcecode.swift; path = Package.swift; sourceTree = "<group>"; };
		B58386372544A2C10087A712 /* EntryFrames.swift */ = {isa = PBXFileReference; lastKnownFileType = sourcecode.swift; path = EntryFrames.swift; sourceTree = "<group>"; };
		B583863F254584A50087A712 /* ProcessedPackets.swift */ = {isa = PBXFileReference; lastKnownFileType = sourcecode.swift; path = ProcessedPackets.swift; sourceTree = "<group>"; };
		B5838643254584BE0087A712 /* AudioStreamState.swift */ = {isa = PBXFileReference; lastKnownFileType = sourcecode.swift; path = AudioStreamState.swift; sourceTree = "<group>"; };
		B5838647254584D90087A712 /* SeekRequest.swift */ = {isa = PBXFileReference; lastKnownFileType = sourcecode.swift; path = SeekRequest.swift; sourceTree = "<group>"; };
		B592E12825460146008866FB /* BiMapTests.swift */ = {isa = PBXFileReference; lastKnownFileType = sourcecode.swift; path = BiMapTests.swift; sourceTree = "<group>"; };
		B592E133254608B4008866FB /* DispatchTimerSourceTests.swift */ = {isa = PBXFileReference; lastKnownFileType = sourcecode.swift; path = DispatchTimerSourceTests.swift; sourceTree = "<group>"; };
		B59CB46B25420B4D00F8CAD0 /* MetadataStreamProcessorTests.swift */ = {isa = PBXFileReference; lastKnownFileType = sourcecode.swift; path = MetadataStreamProcessorTests.swift; sourceTree = "<group>"; };
		B59CB4B225421D8200F8CAD0 /* raw-stream-audio-empty-metadata */ = {isa = PBXFileReference; lastKnownFileType = file; path = "raw-stream-audio-empty-metadata"; sourceTree = "<group>"; };
		B59CB4BA25421F3500F8CAD0 /* raw-stream-audio-normal-metadata */ = {isa = PBXFileReference; lastKnownFileType = file; path = "raw-stream-audio-normal-metadata"; sourceTree = "<group>"; };
		B59CB4C525421FD400F8CAD0 /* raw-stream-audio-no-metadata */ = {isa = PBXFileReference; lastKnownFileType = file; path = "raw-stream-audio-no-metadata"; sourceTree = "<group>"; };
		B59CB4CD2542204D00F8CAD0 /* raw-stream-audio-normal-metadata-alt */ = {isa = PBXFileReference; lastKnownFileType = file; path = "raw-stream-audio-normal-metadata-alt"; sourceTree = "<group>"; };
		B59D0B6E255C904900D6CCE5 /* FileAudioSource.swift */ = {isa = PBXFileReference; lastKnownFileType = sourcecode.swift; path = FileAudioSource.swift; sourceTree = "<group>"; };
		B59DF10324916FD50043C498 /* DispatchQueue+Helpers.swift */ = {isa = PBXFileReference; lastKnownFileType = sourcecode.swift; path = "DispatchQueue+Helpers.swift"; sourceTree = "<group>"; };
		B59DF1A22493E90C0043C498 /* AudioFileStream+Helpers.swift */ = {isa = PBXFileReference; lastKnownFileType = sourcecode.swift; path = "AudioFileStream+Helpers.swift"; sourceTree = "<group>"; };
		B5AEDBAE24744153007D8101 /* AudioStreaming.framework */ = {isa = PBXFileReference; explicitFileType = wrapper.framework; includeInIndex = 0; path = AudioStreaming.framework; sourceTree = BUILT_PRODUCTS_DIR; };
		B5AEDBB124744153007D8101 /* AudioStreaming.h */ = {isa = PBXFileReference; lastKnownFileType = sourcecode.c.h; path = AudioStreaming.h; sourceTree = "<group>"; };
		B5AEDBB224744153007D8101 /* Info.plist */ = {isa = PBXFileReference; lastKnownFileType = text.plist.xml; path = Info.plist; sourceTree = "<group>"; };
		B5AEDBB724744153007D8101 /* AudioStreamingTests.xctest */ = {isa = PBXFileReference; explicitFileType = wrapper.cfbundle; includeInIndex = 0; path = AudioStreamingTests.xctest; sourceTree = BUILT_PRODUCTS_DIR; };
		B5AEDBBE24744153007D8101 /* Info.plist */ = {isa = PBXFileReference; lastKnownFileType = text.plist.xml; path = Info.plist; sourceTree = "<group>"; };
		B5B36E422655A32200DC96F5 /* FrameFilterProcessor.swift */ = {isa = PBXFileReference; lastKnownFileType = sourcecode.swift; path = FrameFilterProcessor.swift; sourceTree = "<group>"; };
		B5B3B7CB248647ED00656828 /* AudioPlayerState.swift */ = {isa = PBXFileReference; lastKnownFileType = sourcecode.swift; path = AudioPlayerState.swift; sourceTree = "<group>"; };
		B5D4A40825D9321400E1450C /* IcycastHeaderParser.swift */ = {isa = PBXFileReference; lastKnownFileType = sourcecode.swift; path = IcycastHeaderParser.swift; sourceTree = "<group>"; };
		B5D4A40B25D9445600E1450C /* IcycastHeadersProcessor.swift */ = {isa = PBXFileReference; lastKnownFileType = sourcecode.swift; path = IcycastHeadersProcessor.swift; sourceTree = "<group>"; };
		B5D82E64255DD562009EDAA4 /* NetStatusService.swift */ = {isa = PBXFileReference; lastKnownFileType = sourcecode.swift; path = NetStatusService.swift; sourceTree = "<group>"; };
		B5DB66DA255C079C00B8DF53 /* AVFoundation.framework */ = {isa = PBXFileReference; lastKnownFileType = wrapper.framework; name = AVFoundation.framework; path = System/Library/Frameworks/AVFoundation.framework; sourceTree = SDKROOT; };
		B5DB66E1255C2EAB00B8DF53 /* AudioEntryProvider.swift */ = {isa = PBXFileReference; lastKnownFileType = sourcecode.swift; path = AudioEntryProvider.swift; sourceTree = "<group>"; };
		B5E1DE2424B70B4200955BFB /* AudioPlayerConfiguration.swift */ = {isa = PBXFileReference; lastKnownFileType = sourcecode.swift; path = AudioPlayerConfiguration.swift; sourceTree = "<group>"; };
		B5EF954D247DA5AC003E8FF8 /* NetworkingClientTests.swift */ = {isa = PBXFileReference; lastKnownFileType = sourcecode.swift; path = NetworkingClientTests.swift; sourceTree = "<group>"; };
		B5EF9554247E9393003E8FF8 /* AudioEntry.swift */ = {isa = PBXFileReference; lastKnownFileType = sourcecode.swift; path = AudioEntry.swift; sourceTree = "<group>"; };
		B5EF9556247E9439003E8FF8 /* AudioStreamSource.swift */ = {isa = PBXFileReference; lastKnownFileType = sourcecode.swift; path = AudioStreamSource.swift; sourceTree = "<group>"; };
		B5EF955A247EBCB3003E8FF8 /* AudioFileType.swift */ = {isa = PBXFileReference; lastKnownFileType = sourcecode.swift; path = AudioFileType.swift; sourceTree = "<group>"; };
		B5EF955C247ECBB1003E8FF8 /* RemoteAudioSource.swift */ = {isa = PBXFileReference; lastKnownFileType = sourcecode.swift; path = RemoteAudioSource.swift; sourceTree = "<group>"; };
		B5F883B52476DADB00D277C1 /* Protected.swift */ = {isa = PBXFileReference; lastKnownFileType = sourcecode.swift; path = Protected.swift; sourceTree = "<group>"; };
		B5F883B82477CBF600D277C1 /* ProtectedTests.swift */ = {isa = PBXFileReference; lastKnownFileType = sourcecode.swift; path = ProtectedTests.swift; sourceTree = "<group>"; };
		B5F883C22477DC4400D277C1 /* NetworkDataStream.swift */ = {isa = PBXFileReference; lastKnownFileType = sourcecode.swift; path = NetworkDataStream.swift; sourceTree = "<group>"; };
		B5FB6C0425516507002C0A37 /* AudioConverter+Helpers.swift */ = {isa = PBXFileReference; lastKnownFileType = sourcecode.swift; path = "AudioConverter+Helpers.swift"; sourceTree = "<group>"; };
		B5FFF5FD2549FA02006BBB7C /* AudioExample.xctestplan */ = {isa = PBXFileReference; lastKnownFileType = text; path = AudioExample.xctestplan; sourceTree = "<group>"; };
/* End PBXFileReference section */

/* Begin PBXFrameworksBuildPhase section */
		B5AEDBAB24744153007D8101 /* Frameworks */ = {
			isa = PBXFrameworksBuildPhase;
			buildActionMask = 2147483647;
			files = (
			);
			runOnlyForDeploymentPostprocessing = 0;
		};
		B5AEDBB424744153007D8101 /* Frameworks */ = {
			isa = PBXFrameworksBuildPhase;
			buildActionMask = 2147483647;
			files = (
				B5AEDBB824744153007D8101 /* AudioStreaming.framework in Frameworks */,
			);
			runOnlyForDeploymentPostprocessing = 0;
		};
/* End PBXFrameworksBuildPhase section */

/* Begin PBXGroup section */
		B5276B70247D4D3D00D2F56A /* Network */ = {
			isa = PBXGroup;
			children = (
				B5D82E64255DD562009EDAA4 /* NetStatusService.swift */,
				B5276B6E247D21A000D2F56A /* NetworkingClient.swift */,
				B5276B73247D4D9F00D2F56A /* NetworkSessionDelegate.swift */,
				B5F883C22477DC4400D277C1 /* NetworkDataStream.swift */,
			);
			path = Network;
			sourceTree = "<group>";
		};
		B55A7369247FCB160050C53D /* Audio Entry */ = {
			isa = PBXGroup;
			children = (
				B58386362544A2A60087A712 /* Models */,
				B5DB66E1255C2EAB00B8DF53 /* AudioEntryProvider.swift */,
				B5EF9554247E9393003E8FF8 /* AudioEntry.swift */,
			);
			path = "Audio Entry";
			sourceTree = "<group>";
		};
		B55A736A247FCB310050C53D /* Parsers */ = {
			isa = PBXGroup;
			children = (
				B55CEAB32485107C0001C498 /* Parser.swift */,
				B55A736B247FCB420050C53D /* HTTPHeaderParser.swift */,
				B55CE96D248058B60001C498 /* MetadataParser.swift */,
				B5D4A40825D9321400E1450C /* IcycastHeaderParser.swift */,
			);
			path = Parsers;
			sourceTree = "<group>";
		};
		B55CE97624813BA10001C498 /* Extensions */ = {
			isa = PBXGroup;
			children = (
				B5FB6C0425516507002C0A37 /* AudioConverter+Helpers.swift */,
				B59DF1A22493E90C0043C498 /* AudioFileStream+Helpers.swift */,
				B55CE97724813BCA0001C498 /* UnsafeMutablePointer+Helpers.swift */,
				B59DF10324916FD50043C498 /* DispatchQueue+Helpers.swift */,
				B55F77D024D82CD50057F431 /* AVAudioUnit+Convenience.swift */,
				B51B9F9924DBE5BF00BDEAA2 /* AVAudioFormat+Convenience.swift */,
			);
			path = Extensions;
			sourceTree = "<group>";
		};
		B55CEAB5248517170001C498 /* Streaming */ = {
			isa = PBXGroup;
			children = (
				B59CB4B125421D8200F8CAD0 /* Metadata Stream Processor */,
				B55CEAB62485171E0001C498 /* Parsers */,
				B51FE0C724892D1600F2A4D2 /* PlayerQueueEntriesTest.swift */,
			);
			path = Streaming;
			sourceTree = "<group>";
		};
		B55CEAB62485171E0001C498 /* Parsers */ = {
			isa = PBXGroup;
			children = (
				B55CEAB72485172D0001C498 /* HTTPHeaderParserTests.swift */,
				B55CEAB9248530C00001C498 /* MetadataParser.swift */,
			);
			path = Parsers;
			sourceTree = "<group>";
		};
		B55CEABF24855A900001C498 /* Helpers */ = {
			isa = PBXGroup;
			children = (
				B51FE0C3248905B400F2A4D2 /* PlayerQueueEntries.swift */,
				B5EF955A247EBCB3003E8FF8 /* AudioFileType.swift */,
				B55F77D524DACE140057F431 /* BufferContext.swift */,
			);
			path = Helpers;
			sourceTree = "<group>";
		};
		B55CEAC024855AA20001C498 /* Processors */ = {
			isa = PBXGroup;
			children = (
				B5B36E422655A32200DC96F5 /* FrameFilterProcessor.swift */,
				B5667A8F2499018D00D93F85 /* AudioFileStreamProcessor.swift */,
				B5667B3D249BC43000D93F85 /* AudioPlayerRenderProcessor.swift */,
				B55CE97024810DE20001C498 /* MetadataStreamProcessor.swift */,
				B5D4A40B25D9445600E1450C /* IcycastHeadersProcessor.swift */,
			);
			path = Processors;
			sourceTree = "<group>";
		};
		B57A4F7A24AB4E6C00D7EA51 /* Frameworks */ = {
			isa = PBXGroup;
			children = (
				B5DB66DA255C079C00B8DF53 /* AVFoundation.framework */,
			);
			name = Frameworks;
			sourceTree = "<group>";
		};
		B580CB1C25628CE4006D7DD8 /* Deployment */ = {
			isa = PBXGroup;
			children = (
				B580CB1D25628CF4006D7DD8 /* AudioStreaming.podspec */,
				B580CB1E25628CF4006D7DD8 /* LICENSE */,
				B580CB1F25628D09006D7DD8 /* Package.swift */,
			);
			name = Deployment;
			sourceTree = "<group>";
		};
		B58386362544A2A60087A712 /* Models */ = {
			isa = PBXGroup;
			children = (
				B58386372544A2C10087A712 /* EntryFrames.swift */,
				B583863F254584A50087A712 /* ProcessedPackets.swift */,
				B5838643254584BE0087A712 /* AudioStreamState.swift */,
				B5838647254584D90087A712 /* SeekRequest.swift */,
			);
			path = Models;
			sourceTree = "<group>";
		};
		B58BD7FC255DB653005B756D /* Audio Source */ = {
			isa = PBXGroup;
			children = (
				B5EF9556247E9439003E8FF8 /* AudioStreamSource.swift */,
				B5EF955C247ECBB1003E8FF8 /* RemoteAudioSource.swift */,
				B59D0B6E255C904900D6CCE5 /* FileAudioSource.swift */,
			);
			path = "Audio Source";
			sourceTree = "<group>";
		};
		B592E11E2545FF33008866FB /* Structures */ = {
			isa = PBXGroup;
			children = (
				B5276B71247D4D5B00D2F56A /* BiMap.swift */,
				B51FE0BF2488F67C00F2A4D2 /* Queue.swift */,
			);
			path = Structures;
			sourceTree = "<group>";
		};
		B592E13025460883008866FB /* Helpers */ = {
			isa = PBXGroup;
			children = (
				B573733F254DE43E003DFBEC /* measure.swift */,
				B514657E248E3884005C03F7 /* DispatchTimerSource.swift */,
				B57829CE2548B32B00C78D36 /* Lock.swift */,
				B500731F24D00BAC00BB4475 /* Logger.swift */,
				B5F883B52476DADB00D277C1 /* Protected.swift */,
				B54C3E55255F286D00B356F2 /* Retrier.swift */,
			);
			path = Helpers;
			sourceTree = "<group>";
		};
		B59CB4B125421D8200F8CAD0 /* Metadata Stream Processor */ = {
			isa = PBXGroup;
			children = (
				B59CB4B525421D8D00F8CAD0 /* raw-audio-streams */,
				B59CB46B25420B4D00F8CAD0 /* MetadataStreamProcessorTests.swift */,
			);
			path = "Metadata Stream Processor";
			sourceTree = "<group>";
		};
		B59CB4B525421D8D00F8CAD0 /* raw-audio-streams */ = {
			isa = PBXGroup;
			children = (
				B59CB4CD2542204D00F8CAD0 /* raw-stream-audio-normal-metadata-alt */,
				B59CB4C525421FD400F8CAD0 /* raw-stream-audio-no-metadata */,
				B59CB4BA25421F3500F8CAD0 /* raw-stream-audio-normal-metadata */,
				B59CB4B225421D8200F8CAD0 /* raw-stream-audio-empty-metadata */,
			);
			path = "raw-audio-streams";
			sourceTree = "<group>";
		};
		B5AEDBA424744153007D8101 = {
			isa = PBXGroup;
			children = (
				B580CB1C25628CE4006D7DD8 /* Deployment */,
				B5AEDBB024744153007D8101 /* AudioStreaming */,
				B5AEDBBB24744153007D8101 /* AudioStreamingTests */,
				B5AEDBAF24744153007D8101 /* Products */,
				B57A4F7A24AB4E6C00D7EA51 /* Frameworks */,
			);
			sourceTree = "<group>";
		};
		B5AEDBAF24744153007D8101 /* Products */ = {
			isa = PBXGroup;
			children = (
				B5AEDBAE24744153007D8101 /* AudioStreaming.framework */,
				B5AEDBB724744153007D8101 /* AudioStreamingTests.xctest */,
			);
			name = Products;
			sourceTree = "<group>";
		};
		B5AEDBB024744153007D8101 /* AudioStreaming */ = {
			isa = PBXGroup;
			children = (
				B5F883B42476DABE00D277C1 /* Core */,
				B5EF9553247E9235003E8FF8 /* Streaming */,
				B5AEDBB124744153007D8101 /* AudioStreaming.h */,
				B5AEDBB224744153007D8101 /* Info.plist */,
			);
			path = AudioStreaming;
			sourceTree = "<group>";
		};
		B5AEDBBB24744153007D8101 /* AudioStreamingTests */ = {
			isa = PBXGroup;
			children = (
				B5FFF5FD2549FA02006BBB7C /* AudioExample.xctestplan */,
				B5F883B72477CBC900D277C1 /* Core */,
				B55CEAB5248517170001C498 /* Streaming */,
				B5AEDBBE24744153007D8101 /* Info.plist */,
			);
			path = AudioStreamingTests;
			sourceTree = "<group>";
		};
		B5E1DE2924B7179E00955BFB /* AudioPlayer */ = {
			isa = PBXGroup;
			children = (
				B54D876C2490E4A000C361A0 /* UnitDescriptions.swift */,
				B5B3B7CB248647ED00656828 /* AudioPlayerState.swift */,
				B5E1DE2424B70B4200955BFB /* AudioPlayerConfiguration.swift */,
				B55F77CE24D82ADE0057F431 /* AudioPlayerDelegate.swift */,
				B55CEABB24853CD20001C498 /* AudioPlayer.swift */,
				B5667A912499063D00D93F85 /* AudioPlayerContext.swift */,
				B54D876E2490E4DD00C361A0 /* AudioRendererContext.swift */,
				B55CEAC024855AA20001C498 /* Processors */,
			);
			path = AudioPlayer;
			sourceTree = "<group>";
		};
		B5EF954A247DA450003E8FF8 /* Network */ = {
			isa = PBXGroup;
			children = (
				B5EF954D247DA5AC003E8FF8 /* NetworkingClientTests.swift */,
			);
			path = Network;
			sourceTree = "<group>";
		};
		B5EF9553247E9235003E8FF8 /* Streaming */ = {
			isa = PBXGroup;
			children = (
				B5E1DE2924B7179E00955BFB /* AudioPlayer */,
				B58BD7FC255DB653005B756D /* Audio Source */,
				B55A7369247FCB160050C53D /* Audio Entry */,
				B55CEABF24855A900001C498 /* Helpers */,
				B55A736A247FCB310050C53D /* Parsers */,
			);
			path = Streaming;
			sourceTree = "<group>";
		};
		B5F883B42476DABE00D277C1 /* Core */ = {
			isa = PBXGroup;
			children = (
				B592E11E2545FF33008866FB /* Structures */,
				B55CE97624813BA10001C498 /* Extensions */,
				B5276B70247D4D3D00D2F56A /* Network */,
				B592E13025460883008866FB /* Helpers */,
			);
			path = Core;
			sourceTree = "<group>";
		};
		B5F883B72477CBC900D277C1 /* Core */ = {
			isa = PBXGroup;
			children = (
				B5EF954A247DA450003E8FF8 /* Network */,
				B5F883B82477CBF600D277C1 /* ProtectedTests.swift */,
				B51FE0C12488F96A00F2A4D2 /* QueueTests.swift */,
				B592E12825460146008866FB /* BiMapTests.swift */,
				B592E133254608B4008866FB /* DispatchTimerSourceTests.swift */,
			);
			path = Core;
			sourceTree = "<group>";
		};
/* End PBXGroup section */

/* Begin PBXHeadersBuildPhase section */
		B5AEDBA924744153007D8101 /* Headers */ = {
			isa = PBXHeadersBuildPhase;
			buildActionMask = 2147483647;
			files = (
				B5AEDBBF24744153007D8101 /* AudioStreaming.h in Headers */,
			);
			runOnlyForDeploymentPostprocessing = 0;
		};
/* End PBXHeadersBuildPhase section */

/* Begin PBXNativeTarget section */
		B5AEDBAD24744153007D8101 /* AudioStreaming */ = {
			isa = PBXNativeTarget;
			buildConfigurationList = B5AEDBC224744153007D8101 /* Build configuration list for PBXNativeTarget "AudioStreaming" */;
			buildPhases = (
				B5AEDBA924744153007D8101 /* Headers */,
				B5AEDBAA24744153007D8101 /* Sources */,
				B5AEDBAB24744153007D8101 /* Frameworks */,
				B5AEDBAC24744153007D8101 /* Resources */,
				B57A4F7D24AB4E6C00D7EA51 /* Embed Frameworks */,
				B583864B2545858E0087A712 /* SwiftLint */,
			);
			buildRules = (
			);
			dependencies = (
			);
			name = AudioStreaming;
			packageProductDependencies = (
			);
			productName = AudioStreaming;
			productReference = B5AEDBAE24744153007D8101 /* AudioStreaming.framework */;
			productType = "com.apple.product-type.framework";
		};
		B5AEDBB624744153007D8101 /* AudioStreamingTests */ = {
			isa = PBXNativeTarget;
			buildConfigurationList = B5AEDBC524744153007D8101 /* Build configuration list for PBXNativeTarget "AudioStreamingTests" */;
			buildPhases = (
				B5AEDBB324744153007D8101 /* Sources */,
				B5AEDBB424744153007D8101 /* Frameworks */,
				B5AEDBB524744153007D8101 /* Resources */,
			);
			buildRules = (
			);
			dependencies = (
				B5AEDBBA24744153007D8101 /* PBXTargetDependency */,
			);
			name = AudioStreamingTests;
			productName = AudioStreamingTests;
			productReference = B5AEDBB724744153007D8101 /* AudioStreamingTests.xctest */;
			productType = "com.apple.product-type.bundle.unit-test";
		};
/* End PBXNativeTarget section */

/* Begin PBXProject section */
		B5AEDBA524744153007D8101 /* Project object */ = {
			isa = PBXProject;
			attributes = {
				LastSwiftUpdateCheck = 1140;
				LastUpgradeCheck = 1200;
				ORGANIZATIONNAME = Decimal;
				TargetAttributes = {
					B5AEDBAD24744153007D8101 = {
						CreatedOnToolsVersion = 11.4;
						LastSwiftMigration = 1200;
					};
					B5AEDBB624744153007D8101 = {
						CreatedOnToolsVersion = 11.4;
						LastSwiftMigration = 1140;
					};
				};
			};
			buildConfigurationList = B5AEDBA824744153007D8101 /* Build configuration list for PBXProject "AudioStreaming" */;
			compatibilityVersion = "Xcode 11.0";
			developmentRegion = en;
			hasScannedForEncodings = 0;
			knownRegions = (
				en,
				Base,
			);
			mainGroup = B5AEDBA424744153007D8101;
			packageReferences = (
			);
			productRefGroup = B5AEDBAF24744153007D8101 /* Products */;
			projectDirPath = "";
			projectRoot = "";
			targets = (
				B5AEDBAD24744153007D8101 /* AudioStreaming */,
				B5AEDBB624744153007D8101 /* AudioStreamingTests */,
			);
		};
/* End PBXProject section */

/* Begin PBXResourcesBuildPhase section */
		B5AEDBAC24744153007D8101 /* Resources */ = {
			isa = PBXResourcesBuildPhase;
			buildActionMask = 2147483647;
			files = (
			);
			runOnlyForDeploymentPostprocessing = 0;
		};
		B5AEDBB524744153007D8101 /* Resources */ = {
			isa = PBXResourcesBuildPhase;
			buildActionMask = 2147483647;
			files = (
				B59CB4BB25421F3500F8CAD0 /* raw-stream-audio-normal-metadata in Resources */,
				B59CB4C225421F7A00F8CAD0 /* raw-stream-audio-empty-metadata in Resources */,
				B59CB4C625421FD400F8CAD0 /* raw-stream-audio-no-metadata in Resources */,
				B59CB4CE2542204D00F8CAD0 /* raw-stream-audio-normal-metadata-alt in Resources */,
			);
			runOnlyForDeploymentPostprocessing = 0;
		};
/* End PBXResourcesBuildPhase section */

/* Begin PBXShellScriptBuildPhase section */
		B583864B2545858E0087A712 /* SwiftLint */ = {
			isa = PBXShellScriptBuildPhase;
			buildActionMask = 2147483647;
			files = (
			);
			inputFileListPaths = (
			);
			inputPaths = (
			);
			name = SwiftLint;
			outputFileListPaths = (
			);
			outputPaths = (
			);
			runOnlyForDeploymentPostprocessing = 0;
			shellPath = /bin/sh;
			shellScript = "if which swiftlint >/dev/null; then\n  swiftlint\nelse\n  echo \"warning: SwiftLint not installed, download from https://github.com/realm/SwiftLint\"\nfi\n";
		};
/* End PBXShellScriptBuildPhase section */

/* Begin PBXSourcesBuildPhase section */
		B5AEDBAA24744153007D8101 /* Sources */ = {
			isa = PBXSourcesBuildPhase;
			buildActionMask = 2147483647;
			files = (
				B58386382544A2C10087A712 /* EntryFrames.swift in Sources */,
				B5EF955D247ECBB1003E8FF8 /* RemoteAudioSource.swift in Sources */,
				B57829CF2548B32B00C78D36 /* Lock.swift in Sources */,
				B5838640254584A50087A712 /* ProcessedPackets.swift in Sources */,
				B54C3E56255F286D00B356F2 /* Retrier.swift in Sources */,
				B59DF10424916FD50043C498 /* DispatchQueue+Helpers.swift in Sources */,
				B5B3B7CC248647ED00656828 /* AudioPlayerState.swift in Sources */,
				B51B9F9A24DBE5BF00BDEAA2 /* AVAudioFormat+Convenience.swift in Sources */,
				B51FE0C624890CCB00F2A4D2 /* PlayerQueueEntries.swift in Sources */,
				B5EF9557247E9439003E8FF8 /* AudioStreamSource.swift in Sources */,
				B5D4A40925D9321400E1450C /* IcycastHeaderParser.swift in Sources */,
				B59DF1A32493E90C0043C498 /* AudioFileStream+Helpers.swift in Sources */,
				B54D876D2490E4A000C361A0 /* UnitDescriptions.swift in Sources */,
				B514657F248E3884005C03F7 /* DispatchTimerSource.swift in Sources */,
				B5737340254DE43E003DFBEC /* measure.swift in Sources */,
				B55CEABC24853CD20001C498 /* AudioPlayer.swift in Sources */,
				B5667B3E249BC43100D93F85 /* AudioPlayerRenderProcessor.swift in Sources */,
				B5276B6F247D21A000D2F56A /* NetworkingClient.swift in Sources */,
				B5EF955B247EBCB3003E8FF8 /* AudioFileType.swift in Sources */,
				B592E1252545FF9A008866FB /* BiMap.swift in Sources */,
				B5DB66E2255C2EAB00B8DF53 /* AudioEntryProvider.swift in Sources */,
				B5D4A41025D948EF00E1450C /* IcycastHeadersProcessor.swift in Sources */,
				B5667A902499018D00D93F85 /* AudioFileStreamProcessor.swift in Sources */,
				B59D0B6F255C904900D6CCE5 /* FileAudioSource.swift in Sources */,
				B5EF9555247E9393003E8FF8 /* AudioEntry.swift in Sources */,
				B5B36E432655A32200DC96F5 /* FrameFilterProcessor.swift in Sources */,
				B51FE0C02488F67C00F2A4D2 /* Queue.swift in Sources */,
				B5667A922499063D00D93F85 /* AudioPlayerContext.swift in Sources */,
				B55CE97124810DE20001C498 /* MetadataStreamProcessor.swift in Sources */,
				B55CEAB42485107C0001C498 /* Parser.swift in Sources */,
				B5FB6C0525516507002C0A37 /* AudioConverter+Helpers.swift in Sources */,
				B5E1DE2524B70B4200955BFB /* AudioPlayerConfiguration.swift in Sources */,
				B5F883C32477DC4400D277C1 /* NetworkDataStream.swift in Sources */,
				B54D876F2490E4DD00C361A0 /* AudioRendererContext.swift in Sources */,
				B55F77CF24D82ADE0057F431 /* AudioPlayerDelegate.swift in Sources */,
				B55A736C247FCB420050C53D /* HTTPHeaderParser.swift in Sources */,
				B55F77D124D82CD50057F431 /* AVAudioUnit+Convenience.swift in Sources */,
				B55CE96E248058B60001C498 /* MetadataParser.swift in Sources */,
				B5838644254584BE0087A712 /* AudioStreamState.swift in Sources */,
				B500732024D00BAC00BB4475 /* Logger.swift in Sources */,
				B5276B74247D4D9F00D2F56A /* NetworkSessionDelegate.swift in Sources */,
				B55F77D624DACE140057F431 /* BufferContext.swift in Sources */,
				B5838648254584D90087A712 /* SeekRequest.swift in Sources */,
				B5D82E65255DD562009EDAA4 /* NetStatusService.swift in Sources */,
				B55CE97824813BCA0001C498 /* UnsafeMutablePointer+Helpers.swift in Sources */,
				B5F883B62476DADB00D277C1 /* Protected.swift in Sources */,
			);
			runOnlyForDeploymentPostprocessing = 0;
		};
		B5AEDBB324744153007D8101 /* Sources */ = {
			isa = PBXSourcesBuildPhase;
			buildActionMask = 2147483647;
			files = (
				B5EF954E247DA5AC003E8FF8 /* NetworkingClientTests.swift in Sources */,
				B59CB46C25420B4D00F8CAD0 /* MetadataStreamProcessorTests.swift in Sources */,
				B51FE0C824892D1600F2A4D2 /* PlayerQueueEntriesTest.swift in Sources */,
				B55CEABA248530C00001C498 /* MetadataParser.swift in Sources */,
				B51FE0C22488F96A00F2A4D2 /* QueueTests.swift in Sources */,
				B5F883BA2477CEFC00D277C1 /* ProtectedTests.swift in Sources */,
				B592E134254608B4008866FB /* DispatchTimerSourceTests.swift in Sources */,
				B55CEAB82485172D0001C498 /* HTTPHeaderParserTests.swift in Sources */,
				B592E12925460146008866FB /* BiMapTests.swift in Sources */,
			);
			runOnlyForDeploymentPostprocessing = 0;
		};
/* End PBXSourcesBuildPhase section */

/* Begin PBXTargetDependency section */
		B5AEDBBA24744153007D8101 /* PBXTargetDependency */ = {
			isa = PBXTargetDependency;
			target = B5AEDBAD24744153007D8101 /* AudioStreaming */;
			targetProxy = B5AEDBB924744153007D8101 /* PBXContainerItemProxy */;
		};
/* End PBXTargetDependency section */

/* Begin XCBuildConfiguration section */
		B5AEDBC024744153007D8101 /* Debug */ = {
			isa = XCBuildConfiguration;
			buildSettings = {
				ALWAYS_SEARCH_USER_PATHS = NO;
				CLANG_ANALYZER_NONNULL = YES;
				CLANG_ANALYZER_NUMBER_OBJECT_CONVERSION = YES_AGGRESSIVE;
				CLANG_CXX_LANGUAGE_STANDARD = "gnu++14";
				CLANG_CXX_LIBRARY = "libc++";
				CLANG_ENABLE_MODULES = YES;
				CLANG_ENABLE_OBJC_ARC = YES;
				CLANG_ENABLE_OBJC_WEAK = YES;
				CLANG_WARN_BLOCK_CAPTURE_AUTORELEASING = YES;
				CLANG_WARN_BOOL_CONVERSION = YES;
				CLANG_WARN_COMMA = YES;
				CLANG_WARN_CONSTANT_CONVERSION = YES;
				CLANG_WARN_DEPRECATED_OBJC_IMPLEMENTATIONS = YES;
				CLANG_WARN_DIRECT_OBJC_ISA_USAGE = YES_ERROR;
				CLANG_WARN_DOCUMENTATION_COMMENTS = YES;
				CLANG_WARN_EMPTY_BODY = YES;
				CLANG_WARN_ENUM_CONVERSION = YES;
				CLANG_WARN_INFINITE_RECURSION = YES;
				CLANG_WARN_INT_CONVERSION = YES;
				CLANG_WARN_NON_LITERAL_NULL_CONVERSION = YES;
				CLANG_WARN_OBJC_IMPLICIT_RETAIN_SELF = YES;
				CLANG_WARN_OBJC_LITERAL_CONVERSION = YES;
				CLANG_WARN_OBJC_ROOT_CLASS = YES_ERROR;
				CLANG_WARN_QUOTED_INCLUDE_IN_FRAMEWORK_HEADER = YES;
				CLANG_WARN_RANGE_LOOP_ANALYSIS = YES;
				CLANG_WARN_STRICT_PROTOTYPES = YES;
				CLANG_WARN_SUSPICIOUS_MOVE = YES;
				CLANG_WARN_UNGUARDED_AVAILABILITY = YES_AGGRESSIVE;
				CLANG_WARN_UNREACHABLE_CODE = YES;
				CLANG_WARN__DUPLICATE_METHOD_MATCH = YES;
				COPY_PHASE_STRIP = NO;
				CURRENT_PROJECT_VERSION = 1;
				DEBUG_INFORMATION_FORMAT = dwarf;
				ENABLE_STRICT_OBJC_MSGSEND = YES;
				ENABLE_TESTABILITY = YES;
				GCC_C_LANGUAGE_STANDARD = gnu11;
				GCC_DYNAMIC_NO_PIC = NO;
				GCC_NO_COMMON_BLOCKS = YES;
				GCC_OPTIMIZATION_LEVEL = 0;
				GCC_PREPROCESSOR_DEFINITIONS = (
					"DEBUG=1",
					"$(inherited)",
				);
				GCC_WARN_64_TO_32_BIT_CONVERSION = YES;
				GCC_WARN_ABOUT_RETURN_TYPE = YES_ERROR;
				GCC_WARN_UNDECLARED_SELECTOR = YES;
				GCC_WARN_UNINITIALIZED_AUTOS = YES_AGGRESSIVE;
				GCC_WARN_UNUSED_FUNCTION = YES;
				GCC_WARN_UNUSED_VARIABLE = YES;
				IPHONEOS_DEPLOYMENT_TARGET = 12.0;
				MARKETING_VERSION = 0.1.0;
				MTL_ENABLE_DEBUG_INFO = INCLUDE_SOURCE;
				MTL_FAST_MATH = YES;
				ONLY_ACTIVE_ARCH = YES;
				SDKROOT = iphoneos;
				SWIFT_ACTIVE_COMPILATION_CONDITIONS = DEBUG;
				SWIFT_OPTIMIZATION_LEVEL = "-Onone";
				VERSIONING_SYSTEM = "apple-generic";
				VERSION_INFO_PREFIX = "";
			};
			name = Debug;
		};
		B5AEDBC124744153007D8101 /* Release */ = {
			isa = XCBuildConfiguration;
			buildSettings = {
				ALWAYS_SEARCH_USER_PATHS = NO;
				CLANG_ANALYZER_NONNULL = YES;
				CLANG_ANALYZER_NUMBER_OBJECT_CONVERSION = YES_AGGRESSIVE;
				CLANG_CXX_LANGUAGE_STANDARD = "gnu++14";
				CLANG_CXX_LIBRARY = "libc++";
				CLANG_ENABLE_MODULES = YES;
				CLANG_ENABLE_OBJC_ARC = YES;
				CLANG_ENABLE_OBJC_WEAK = YES;
				CLANG_WARN_BLOCK_CAPTURE_AUTORELEASING = YES;
				CLANG_WARN_BOOL_CONVERSION = YES;
				CLANG_WARN_COMMA = YES;
				CLANG_WARN_CONSTANT_CONVERSION = YES;
				CLANG_WARN_DEPRECATED_OBJC_IMPLEMENTATIONS = YES;
				CLANG_WARN_DIRECT_OBJC_ISA_USAGE = YES_ERROR;
				CLANG_WARN_DOCUMENTATION_COMMENTS = YES;
				CLANG_WARN_EMPTY_BODY = YES;
				CLANG_WARN_ENUM_CONVERSION = YES;
				CLANG_WARN_INFINITE_RECURSION = YES;
				CLANG_WARN_INT_CONVERSION = YES;
				CLANG_WARN_NON_LITERAL_NULL_CONVERSION = YES;
				CLANG_WARN_OBJC_IMPLICIT_RETAIN_SELF = YES;
				CLANG_WARN_OBJC_LITERAL_CONVERSION = YES;
				CLANG_WARN_OBJC_ROOT_CLASS = YES_ERROR;
				CLANG_WARN_QUOTED_INCLUDE_IN_FRAMEWORK_HEADER = YES;
				CLANG_WARN_RANGE_LOOP_ANALYSIS = YES;
				CLANG_WARN_STRICT_PROTOTYPES = YES;
				CLANG_WARN_SUSPICIOUS_MOVE = YES;
				CLANG_WARN_UNGUARDED_AVAILABILITY = YES_AGGRESSIVE;
				CLANG_WARN_UNREACHABLE_CODE = YES;
				CLANG_WARN__DUPLICATE_METHOD_MATCH = YES;
				COPY_PHASE_STRIP = NO;
				CURRENT_PROJECT_VERSION = 1;
				DEBUG_INFORMATION_FORMAT = "dwarf-with-dsym";
				ENABLE_NS_ASSERTIONS = NO;
				ENABLE_STRICT_OBJC_MSGSEND = YES;
				GCC_C_LANGUAGE_STANDARD = gnu11;
				GCC_NO_COMMON_BLOCKS = YES;
				GCC_WARN_64_TO_32_BIT_CONVERSION = YES;
				GCC_WARN_ABOUT_RETURN_TYPE = YES_ERROR;
				GCC_WARN_UNDECLARED_SELECTOR = YES;
				GCC_WARN_UNINITIALIZED_AUTOS = YES_AGGRESSIVE;
				GCC_WARN_UNUSED_FUNCTION = YES;
				GCC_WARN_UNUSED_VARIABLE = YES;
				IPHONEOS_DEPLOYMENT_TARGET = 12.0;
				MARKETING_VERSION = 0.1.0;
				MTL_ENABLE_DEBUG_INFO = NO;
				MTL_FAST_MATH = YES;
				SDKROOT = iphoneos;
				SWIFT_COMPILATION_MODE = wholemodule;
				SWIFT_OPTIMIZATION_LEVEL = "-O";
				VALIDATE_PRODUCT = YES;
				VERSIONING_SYSTEM = "apple-generic";
				VERSION_INFO_PREFIX = "";
			};
			name = Release;
		};
		B5AEDBC324744153007D8101 /* Debug */ = {
			isa = XCBuildConfiguration;
			buildSettings = {
				CLANG_ENABLE_MODULES = YES;
				CODE_SIGN_STYLE = Automatic;
				CURRENT_PROJECT_VERSION = 2;
				DEFINES_MODULE = YES;
				DYLIB_COMPATIBILITY_VERSION = 1;
				DYLIB_CURRENT_VERSION = 1;
				DYLIB_INSTALL_NAME_BASE = "@rpath";
				INFOPLIST_FILE = AudioStreaming/Info.plist;
				INSTALL_PATH = "$(LOCAL_LIBRARY_DIR)/Frameworks";
				IPHONEOS_DEPLOYMENT_TARGET = 12.0;
				LD_RUNPATH_SEARCH_PATHS = (
					"$(inherited)",
					"@executable_path/Frameworks",
					"@loader_path/Frameworks",
				);
				MARKETING_VERSION = 0.9.0;
				OTHER_LDFLAGS = "-ObjC";
				PRODUCT_BUNDLE_IDENTIFIER = com.decimal.AudioStreaming;
				PRODUCT_NAME = "$(TARGET_NAME:c99extidentifier)";
				SKIP_INSTALL = YES;
				SUPPORTS_MACCATALYST = NO;
				SWIFT_OBJC_BRIDGING_HEADER = "";
				SWIFT_OPTIMIZATION_LEVEL = "-Onone";
				SWIFT_VERSION = 5.0;
				TARGETED_DEVICE_FAMILY = "1,2";
			};
			name = Debug;
		};
		B5AEDBC424744153007D8101 /* Release */ = {
			isa = XCBuildConfiguration;
			buildSettings = {
				CLANG_ENABLE_MODULES = YES;
				CODE_SIGN_STYLE = Automatic;
				CURRENT_PROJECT_VERSION = 2;
				DEFINES_MODULE = YES;
				DYLIB_COMPATIBILITY_VERSION = 1;
				DYLIB_CURRENT_VERSION = 1;
				DYLIB_INSTALL_NAME_BASE = "@rpath";
				INFOPLIST_FILE = AudioStreaming/Info.plist;
				INSTALL_PATH = "$(LOCAL_LIBRARY_DIR)/Frameworks";
				IPHONEOS_DEPLOYMENT_TARGET = 12.0;
				LD_RUNPATH_SEARCH_PATHS = (
					"$(inherited)",
					"@executable_path/Frameworks",
					"@loader_path/Frameworks",
				);
				MARKETING_VERSION = 0.9.0;
				OTHER_LDFLAGS = "-ObjC";
				PRODUCT_BUNDLE_IDENTIFIER = com.decimal.AudioStreaming;
				PRODUCT_NAME = "$(TARGET_NAME:c99extidentifier)";
				SKIP_INSTALL = YES;
				SUPPORTS_MACCATALYST = NO;
				SWIFT_OBJC_BRIDGING_HEADER = "";
				SWIFT_VERSION = 5.0;
				TARGETED_DEVICE_FAMILY = "1,2";
			};
			name = Release;
		};
		B5AEDBC624744153007D8101 /* Debug */ = {
			isa = XCBuildConfiguration;
			buildSettings = {
				ALWAYS_EMBED_SWIFT_STANDARD_LIBRARIES = YES;
				CLANG_ENABLE_MODULES = YES;
				CODE_SIGN_STYLE = Automatic;
				INFOPLIST_FILE = AudioStreamingTests/Info.plist;
				LD_RUNPATH_SEARCH_PATHS = (
					"$(inherited)",
					"@executable_path/Frameworks",
					"@loader_path/Frameworks",
				);
				PRODUCT_BUNDLE_IDENTIFIER = com.decimal.AudioStreamingTests;
				PRODUCT_NAME = "$(TARGET_NAME)";
				SWIFT_OPTIMIZATION_LEVEL = "-Onone";
				SWIFT_VERSION = 5.0;
				TARGETED_DEVICE_FAMILY = "1,2";
			};
			name = Debug;
		};
		B5AEDBC724744153007D8101 /* Release */ = {
			isa = XCBuildConfiguration;
			buildSettings = {
				ALWAYS_EMBED_SWIFT_STANDARD_LIBRARIES = YES;
				CLANG_ENABLE_MODULES = YES;
				CODE_SIGN_STYLE = Automatic;
				INFOPLIST_FILE = AudioStreamingTests/Info.plist;
				LD_RUNPATH_SEARCH_PATHS = (
					"$(inherited)",
					"@executable_path/Frameworks",
					"@loader_path/Frameworks",
				);
				PRODUCT_BUNDLE_IDENTIFIER = com.decimal.AudioStreamingTests;
				PRODUCT_NAME = "$(TARGET_NAME)";
				SWIFT_VERSION = 5.0;
				TARGETED_DEVICE_FAMILY = "1,2";
			};
			name = Release;
		};
/* End XCBuildConfiguration section */

/* Begin XCConfigurationList section */
		B5AEDBA824744153007D8101 /* Build configuration list for PBXProject "AudioStreaming" */ = {
			isa = XCConfigurationList;
			buildConfigurations = (
				B5AEDBC024744153007D8101 /* Debug */,
				B5AEDBC124744153007D8101 /* Release */,
			);
			defaultConfigurationIsVisible = 0;
			defaultConfigurationName = Release;
		};
		B5AEDBC224744153007D8101 /* Build configuration list for PBXNativeTarget "AudioStreaming" */ = {
			isa = XCConfigurationList;
			buildConfigurations = (
				B5AEDBC324744153007D8101 /* Debug */,
				B5AEDBC424744153007D8101 /* Release */,
			);
			defaultConfigurationIsVisible = 0;
			defaultConfigurationName = Release;
		};
		B5AEDBC524744153007D8101 /* Build configuration list for PBXNativeTarget "AudioStreamingTests" */ = {
			isa = XCConfigurationList;
			buildConfigurations = (
				B5AEDBC624744153007D8101 /* Debug */,
				B5AEDBC724744153007D8101 /* Release */,
			);
			defaultConfigurationIsVisible = 0;
			defaultConfigurationName = Release;
		};
/* End XCConfigurationList section */
	};
	rootObject = B5AEDBA524744153007D8101 /* Project object */;
}
