// !$*UTF8*$!
{
	archiveVersion = 1;
	classes = {
	};
	objectVersion = 50;
	objects = {

/* Begin PBXBuildFile section */
		B5AEDBD52475274C007D8101 /* AppDelegate.swift in Sources */ = {isa = PBXBuildFile; fileRef = B5AEDBD42475274C007D8101 /* AppDelegate.swift */; };
		B5AEDBD92475274C007D8101 /* ViewController.swift in Sources */ = {isa = PBXBuildFile; fileRef = B5AEDBD82475274C007D8101 /* ViewController.swift */; };
		B5AEDBDC2475274C007D8101 /* Main.storyboard in Resources */ = {isa = PBXBuildFile; fileRef = B5AEDBDA2475274C007D8101 /* Main.storyboard */; };
		B5AEDBDE2475274D007D8101 /* Assets.xcassets in Resources */ = {isa = PBXBuildFile; fileRef = B5AEDBDD2475274D007D8101 /* Assets.xcassets */; };
		B5AEDBE12475274D007D8101 /* LaunchScreen.storyboard in Resources */ = {isa = PBXBuildFile; fileRef = B5AEDBDF2475274D007D8101 /* LaunchScreen.storyboard */; };
		B5F883C624780A3D00D277C1 /* AudioStreaming.framework in Frameworks */ = {isa = PBXBuildFile; fileRef = B5F883C524780A3C00D277C1 /* AudioStreaming.framework */; };
		B5F883C724780A3D00D277C1 /* AudioStreaming.framework in Embed Frameworks */ = {isa = PBXBuildFile; fileRef = B5F883C524780A3C00D277C1 /* AudioStreaming.framework */; settings = {ATTRIBUTES = (CodeSignOnCopy, RemoveHeadersOnCopy, ); }; };
/* End PBXBuildFile section */

/* Begin PBXCopyFilesBuildPhase section */
		B5F883C824780A3D00D277C1 /* Embed Frameworks */ = {
			isa = PBXCopyFilesBuildPhase;
			buildActionMask = 2147483647;
			dstPath = "";
			dstSubfolderSpec = 10;
			files = (
				B5F883C724780A3D00D277C1 /* AudioStreaming.framework in Embed Frameworks */,
			);
			name = "Embed Frameworks";
			runOnlyForDeploymentPostprocessing = 0;
		};
/* End PBXCopyFilesBuildPhase section */

/* Begin PBXFileReference section */
		B5AEDBD12475274C007D8101 /* AudioExample.app */ = {isa = PBXFileReference; explicitFileType = wrapper.application; includeInIndex = 0; path = AudioExample.app; sourceTree = BUILT_PRODUCTS_DIR; };
		B5AEDBD42475274C007D8101 /* AppDelegate.swift */ = {isa = PBXFileReference; lastKnownFileType = sourcecode.swift; path = AppDelegate.swift; sourceTree = "<group>"; };
		B5AEDBD62475274C007D8101 /* SceneDelegate.swift */ = {isa = PBXFileReference; lastKnownFileType = sourcecode.swift; path = SceneDelegate.swift; sourceTree = "<group>"; };
		B5AEDBD82475274C007D8101 /* ViewController.swift */ = {isa = PBXFileReference; lastKnownFileType = sourcecode.swift; path = ViewController.swift; sourceTree = "<group>"; };
		B5AEDBDB2475274C007D8101 /* Base */ = {isa = PBXFileReference; lastKnownFileType = file.storyboard; name = Base; path = Base.lproj/Main.storyboard; sourceTree = "<group>"; };
		B5AEDBDD2475274D007D8101 /* Assets.xcassets */ = {isa = PBXFileReference; lastKnownFileType = folder.assetcatalog; path = Assets.xcassets; sourceTree = "<group>"; };
		B5AEDBE02475274D007D8101 /* Base */ = {isa = PBXFileReference; lastKnownFileType = file.storyboard; name = Base; path = Base.lproj/LaunchScreen.storyboard; sourceTree = "<group>"; };
		B5AEDBE22475274D007D8101 /* Info.plist */ = {isa = PBXFileReference; lastKnownFileType = text.plist.xml; path = Info.plist; sourceTree = "<group>"; };
		B5F883C524780A3C00D277C1 /* AudioStreaming.framework */ = {isa = PBXFileReference; explicitFileType = wrapper.framework; path = AudioStreaming.framework; sourceTree = BUILT_PRODUCTS_DIR; };
/* End PBXFileReference section */

/* Begin PBXFrameworksBuildPhase section */
		B5AEDBCE2475274C007D8101 /* Frameworks */ = {
			isa = PBXFrameworksBuildPhase;
			buildActionMask = 2147483647;
			files = (
				B5F883C624780A3D00D277C1 /* AudioStreaming.framework in Frameworks */,
			);
			runOnlyForDeploymentPostprocessing = 0;
		};
/* End PBXFrameworksBuildPhase section */

/* Begin PBXGroup section */
		B5AEDBC82475274C007D8101 = {
			isa = PBXGroup;
			children = (
				B5AEDBD32475274C007D8101 /* AudioExample */,
				B5AEDBD22475274C007D8101 /* Products */,
				B5F883C424780A3C00D277C1 /* Frameworks */,
			);
			sourceTree = "<group>";
		};
		B5AEDBD22475274C007D8101 /* Products */ = {
			isa = PBXGroup;
			children = (
				B5AEDBD12475274C007D8101 /* AudioExample.app */,
			);
			name = Products;
			sourceTree = "<group>";
		};
		B5AEDBD32475274C007D8101 /* AudioExample */ = {
			isa = PBXGroup;
			children = (
				B5AEDBD42475274C007D8101 /* AppDelegate.swift */,
				B5AEDBD62475274C007D8101 /* SceneDelegate.swift */,
				B5AEDBD82475274C007D8101 /* ViewController.swift */,
				B5AEDBDA2475274C007D8101 /* Main.storyboard */,
				B5AEDBDD2475274D007D8101 /* Assets.xcassets */,
				B5AEDBDF2475274D007D8101 /* LaunchScreen.storyboard */,
				B5AEDBE22475274D007D8101 /* Info.plist */,
			);
			path = AudioExample;
			sourceTree = "<group>";
		};
		B5F883C424780A3C00D277C1 /* Frameworks */ = {
			isa = PBXGroup;
			children = (
				B5F883C524780A3C00D277C1 /* AudioStreaming.framework */,
			);
			name = Frameworks;
			sourceTree = "<group>";
		};
/* End PBXGroup section */

/* Begin PBXNativeTarget section */
		B5AEDBD02475274C007D8101 /* AudioExample */ = {
			isa = PBXNativeTarget;
			buildConfigurationList = B5AEDBE52475274D007D8101 /* Build configuration list for PBXNativeTarget "AudioExample" */;
			buildPhases = (
				B5AEDBCD2475274C007D8101 /* Sources */,
				B5AEDBCE2475274C007D8101 /* Frameworks */,
				B5AEDBCF2475274C007D8101 /* Resources */,
				B5F883C824780A3D00D277C1 /* Embed Frameworks */,
			);
			buildRules = (
			);
			dependencies = (
			);
			name = AudioExample;
			productName = AudioExample;
			productReference = B5AEDBD12475274C007D8101 /* AudioExample.app */;
			productType = "com.apple.product-type.application";
		};
/* End PBXNativeTarget section */

/* Begin PBXProject section */
		B5AEDBC92475274C007D8101 /* Project object */ = {
			isa = PBXProject;
			attributes = {
				LastSwiftUpdateCheck = 1140;
				LastUpgradeCheck = 1200;
				ORGANIZATIONNAME = "Dimitrios Chatzieleftheriou";
				TargetAttributes = {
					B5AEDBD02475274C007D8101 = {
						CreatedOnToolsVersion = 11.4;
					};
				};
			};
			buildConfigurationList = B5AEDBCC2475274C007D8101 /* Build configuration list for PBXProject "AudioExample" */;
			compatibilityVersion = "Xcode 9.3";
			developmentRegion = en;
			hasScannedForEncodings = 0;
			knownRegions = (
				en,
				Base,
			);
			mainGroup = B5AEDBC82475274C007D8101;
			productRefGroup = B5AEDBD22475274C007D8101 /* Products */;
			projectDirPath = "";
			projectRoot = "";
			targets = (
				B5AEDBD02475274C007D8101 /* AudioExample */,
			);
		};
/* End PBXProject section */

/* Begin PBXResourcesBuildPhase section */
		B5AEDBCF2475274C007D8101 /* Resources */ = {
			isa = PBXResourcesBuildPhase;
			buildActionMask = 2147483647;
			files = (
				B5AEDBE12475274D007D8101 /* LaunchScreen.storyboard in Resources */,
				B5AEDBDE2475274D007D8101 /* Assets.xcassets in Resources */,
				B5AEDBDC2475274C007D8101 /* Main.storyboard in Resources */,
			);
			runOnlyForDeploymentPostprocessing = 0;
		};
/* End PBXResourcesBuildPhase section */

/* Begin PBXSourcesBuildPhase section */
		B5AEDBCD2475274C007D8101 /* Sources */ = {
			isa = PBXSourcesBuildPhase;
			buildActionMask = 2147483647;
			files = (
				B5AEDBD92475274C007D8101 /* ViewController.swift in Sources */,
				B5AEDBD52475274C007D8101 /* AppDelegate.swift in Sources */,
			);
			runOnlyForDeploymentPostprocessing = 0;
		};
/* End PBXSourcesBuildPhase section */

/* Begin PBXVariantGroup section */
		B5AEDBDA2475274C007D8101 /* Main.storyboard */ = {
			isa = PBXVariantGroup;
			children = (
				B5AEDBDB2475274C007D8101 /* Base */,
			);
			name = Main.storyboard;
			sourceTree = "<group>";
		};
		B5AEDBDF2475274D007D8101 /* LaunchScreen.storyboard */ = {
			isa = PBXVariantGroup;
			children = (
				B5AEDBE02475274D007D8101 /* Base */,
			);
			name = LaunchScreen.storyboard;
			sourceTree = "<group>";
		};
/* End PBXVariantGroup section */

/* Begin XCBuildConfiguration section */
		B5AEDBE32475274D007D8101 /* Debug */ = {
			isa = XCBuildConfiguration;
			buildSettings = {
				ALWAYS_SEARCH_USER_PATHS = NO;
				CLANG_ANALYZER_NONNULL = YES;
				CLANG_ANALYZER_NUMBER_OBJECT_CONVERSION = YES_AGGRESSIVE;
				CLANG_CXX_LANGUAGE_STANDARD = "gnu++14";
				CLANG_CXX_LIBRARY = "libc++";
				CLANG_ENABLE_MODULES = YES;
				CLANG_ENABLE_OBJC_ARC = YES;
				CLANG_ENABLE_OBJC_WEAK = YES;
				CLANG_WARN_BLOCK_CAPTURE_AUTORELEASING = YES;
				CLANG_WARN_BOOL_CONVERSION = YES;
				CLANG_WARN_COMMA = YES;
				CLANG_WARN_CONSTANT_CONVERSION = YES;
				CLANG_WARN_DEPRECATED_OBJC_IMPLEMENTATIONS = YES;
				CLANG_WARN_DIRECT_OBJC_ISA_USAGE = YES_ERROR;
				CLANG_WARN_DOCUMENTATION_COMMENTS = YES;
				CLANG_WARN_EMPTY_BODY = YES;
				CLANG_WARN_ENUM_CONVERSION = YES;
				CLANG_WARN_INFINITE_RECURSION = YES;
				CLANG_WARN_INT_CONVERSION = YES;
				CLANG_WARN_NON_LITERAL_NULL_CONVERSION = YES;
				CLANG_WARN_OBJC_IMPLICIT_RETAIN_SELF = YES;
				CLANG_WARN_OBJC_LITERAL_CONVERSION = YES;
				CLANG_WARN_OBJC_ROOT_CLASS = YES_ERROR;
				CLANG_WARN_QUOTED_INCLUDE_IN_FRAMEWORK_HEADER = YES;
				CLANG_WARN_RANGE_LOOP_ANALYSIS = YES;
				CLANG_WARN_STRICT_PROTOTYPES = YES;
				CLANG_WARN_SUSPICIOUS_MOVE = YES;
				CLANG_WARN_UNGUARDED_AVAILABILITY = YES_AGGRESSIVE;
				CLANG_WARN_UNREACHABLE_CODE = YES;
				CLANG_WARN__DUPLICATE_METHOD_MATCH = YES;
				COPY_PHASE_STRIP = NO;
				DEBUG_INFORMATION_FORMAT = dwarf;
				ENABLE_STRICT_OBJC_MSGSEND = YES;
				ENABLE_TESTABILITY = YES;
				GCC_C_LANGUAGE_STANDARD = gnu11;
				GCC_DYNAMIC_NO_PIC = NO;
				GCC_NO_COMMON_BLOCKS = YES;
				GCC_OPTIMIZATION_LEVEL = 0;
				GCC_PREPROCESSOR_DEFINITIONS = (
					"DEBUG=1",
					"$(inherited)",
				);
				GCC_WARN_64_TO_32_BIT_CONVERSION = YES;
				GCC_WARN_ABOUT_RETURN_TYPE = YES_ERROR;
				GCC_WARN_UNDECLARED_SELECTOR = YES;
				GCC_WARN_UNINITIALIZED_AUTOS = YES_AGGRESSIVE;
				GCC_WARN_UNUSED_FUNCTION = YES;
				GCC_WARN_UNUSED_VARIABLE = YES;
				IPHONEOS_DEPLOYMENT_TARGET = 13.4;
				MTL_ENABLE_DEBUG_INFO = INCLUDE_SOURCE;
				MTL_FAST_MATH = YES;
				ONLY_ACTIVE_ARCH = YES;
				SDKROOT = iphoneos;
				SWIFT_ACTIVE_COMPILATION_CONDITIONS = DEBUG;
				SWIFT_OPTIMIZATION_LEVEL = "-Onone";
			};
			name = Debug;
		};
		B5AEDBE42475274D007D8101 /* Release */ = {
			isa = XCBuildConfiguration;
			buildSettings = {
				ALWAYS_SEARCH_USER_PATHS = NO;
				CLANG_ANALYZER_NONNULL = YES;
				CLANG_ANALYZER_NUMBER_OBJECT_CONVERSION = YES_AGGRESSIVE;
				CLANG_CXX_LANGUAGE_STANDARD = "gnu++14";
				CLANG_CXX_LIBRARY = "libc++";
				CLANG_ENABLE_MODULES = YES;
				CLANG_ENABLE_OBJC_ARC = YES;
				CLANG_ENABLE_OBJC_WEAK = YES;
				CLANG_WARN_BLOCK_CAPTURE_AUTORELEASING = YES;
				CLANG_WARN_BOOL_CONVERSION = YES;
				CLANG_WARN_COMMA = YES;
				CLANG_WARN_CONSTANT_CONVERSION = YES;
				CLANG_WARN_DEPRECATED_OBJC_IMPLEMENTATIONS = YES;
				CLANG_WARN_DIRECT_OBJC_ISA_USAGE = YES_ERROR;
				CLANG_WARN_DOCUMENTATION_COMMENTS = YES;
				CLANG_WARN_EMPTY_BODY = YES;
				CLANG_WARN_ENUM_CONVERSION = YES;
				CLANG_WARN_INFINITE_RECURSION = YES;
				CLANG_WARN_INT_CONVERSION = YES;
				CLANG_WARN_NON_LITERAL_NULL_CONVERSION = YES;
				CLANG_WARN_OBJC_IMPLICIT_RETAIN_SELF = YES;
				CLANG_WARN_OBJC_LITERAL_CONVERSION = YES;
				CLANG_WARN_OBJC_ROOT_CLASS = YES_ERROR;
				CLANG_WARN_QUOTED_INCLUDE_IN_FRAMEWORK_HEADER = YES;
				CLANG_WARN_RANGE_LOOP_ANALYSIS = YES;
				CLANG_WARN_STRICT_PROTOTYPES = YES;
				CLANG_WARN_SUSPICIOUS_MOVE = YES;
				CLANG_WARN_UNGUARDED_AVAILABILITY = YES_AGGRESSIVE;
				CLANG_WARN_UNREACHABLE_CODE = YES;
				CLANG_WARN__DUPLICATE_METHOD_MATCH = YES;
				COPY_PHASE_STRIP = NO;
				DEBUG_INFORMATION_FORMAT = "dwarf-with-dsym";
				ENABLE_NS_ASSERTIONS = NO;
				ENABLE_STRICT_OBJC_MSGSEND = YES;
				GCC_C_LANGUAGE_STANDARD = gnu11;
				GCC_NO_COMMON_BLOCKS = YES;
				GCC_WARN_64_TO_32_BIT_CONVERSION = YES;
				GCC_WARN_ABOUT_RETURN_TYPE = YES_ERROR;
				GCC_WARN_UNDECLARED_SELECTOR = YES;
				GCC_WARN_UNINITIALIZED_AUTOS = YES_AGGRESSIVE;
				GCC_WARN_UNUSED_FUNCTION = YES;
				GCC_WARN_UNUSED_VARIABLE = YES;
				IPHONEOS_DEPLOYMENT_TARGET = 13.4;
				MTL_ENABLE_DEBUG_INFO = NO;
				MTL_FAST_MATH = YES;
				SDKROOT = iphoneos;
				SWIFT_COMPILATION_MODE = wholemodule;
				SWIFT_OPTIMIZATION_LEVEL = "-O";
				VALIDATE_PRODUCT = YES;
			};
			name = Release;
		};
		B5AEDBE62475274D007D8101 /* Debug */ = {
			isa = XCBuildConfiguration;
			buildSettings = {
				ASSETCATALOG_COMPILER_APPICON_NAME = AppIcon;
				CODE_SIGN_STYLE = Automatic;
				DEVELOPMENT_TEAM = 5Y92JCRVR7;
				INFOPLIST_FILE = AudioExample/Info.plist;
				IPHONEOS_DEPLOYMENT_TARGET = 13.0;
				LD_RUNPATH_SEARCH_PATHS = (
					"$(inherited)",
					"@executable_path/Frameworks",
				);
				PRODUCT_BUNDLE_IDENTIFIER = com.decimal.AudioExample;
				PRODUCT_NAME = "$(TARGET_NAME)";
				SWIFT_VERSION = 5.0;
				TARGETED_DEVICE_FAMILY = "1,2";
			};
			name = Debug;
		};
		B5AEDBE72475274D007D8101 /* Release */ = {
			isa = XCBuildConfiguration;
			buildSettings = {
				ASSETCATALOG_COMPILER_APPICON_NAME = AppIcon;
				CODE_SIGN_STYLE = Automatic;
				DEVELOPMENT_TEAM = 5Y92JCRVR7;
				INFOPLIST_FILE = AudioExample/Info.plist;
				IPHONEOS_DEPLOYMENT_TARGET = 13.0;
				LD_RUNPATH_SEARCH_PATHS = (
					"$(inherited)",
					"@executable_path/Frameworks",
				);
				PRODUCT_BUNDLE_IDENTIFIER = com.decimal.AudioExample;
				PRODUCT_NAME = "$(TARGET_NAME)";
				SWIFT_VERSION = 5.0;
				TARGETED_DEVICE_FAMILY = "1,2";
			};
			name = Release;
		};
/* End XCBuildConfiguration section */

/* Begin XCConfigurationList section */
		B5AEDBCC2475274C007D8101 /* Build configuration list for PBXProject "AudioExample" */ = {
			isa = XCConfigurationList;
			buildConfigurations = (
				B5AEDBE32475274D007D8101 /* Debug */,
				B5AEDBE42475274D007D8101 /* Release */,
			);
			defaultConfigurationIsVisible = 0;
			defaultConfigurationName = Release;
		};
		B5AEDBE52475274D007D8101 /* Build configuration list for PBXNativeTarget "AudioExample" */ = {
			isa = XCConfigurationList;
			buildConfigurations = (
				B5AEDBE62475274D007D8101 /* Debug */,
				B5AEDBE72475274D007D8101 /* Release */,
			);
			defaultConfigurationIsVisible = 0;
			defaultConfigurationName = Release;
		};
/* End XCConfigurationList section */
	};
	rootObject = B5AEDBC92475274C007D8101 /* Project object */;
}
